
Microsoft Visual Studio Solution File, Format Version 12.00
# Visual Studio Version 16
VisualStudioVersion = 16.0.29418.71
MinimumVisualStudioVersion = 10.0.40219.1
Project("{9A19103F-16F7-4668-BE54-9A1E7A4F7556}") = "P2PSend", "P2PSend\P2PSend.csproj", "{6AC5EBAC-8A13-4EBF-A30A-EA7649426CBA}"
EndProject
Project("{9A19103F-16F7-4668-BE54-9A1E7A4F7556}") = "P2PReceive", "P2PReceive\P2PReceive.csproj", "{4DB3AE6D-1F41-43B6-A90F-4E08698473B3}"
EndProject
Project("{2150E333-8FDC-42A3-9474-1A3956D46DE8}") = "P2P", "P2P", "{46B5F033-17EF-4673-9EC0-5CE37996FE43}"
EndProject
Project("{2150E333-8FDC-42A3-9474-1A3956D46DE8}") = "Work queues", "Work queues", "{A7F55C73-8651-48C1-8542-99761C81865D}"
EndProject
Project("{9A19103F-16F7-4668-BE54-9A1E7A4F7556}") = "NewTask", "NewTask\NewTask.csproj", "{B822A464-8118-43F5-9B25-332432E000C9}"
EndProject
Project("{9A19103F-16F7-4668-BE54-9A1E7A4F7556}") = "Worker", "Worker\Worker.csproj", "{E40C90E7-4DF7-4289-85D0-8D2920128CF3}"
EndProject
Project("{9A19103F-16F7-4668-BE54-9A1E7A4F7556}") = "Utils", "Utils\Utils.csproj", "{43538BCE-6051-49FE-8BC1-D392A2B83A30}"
EndProject
Project("{9A19103F-16F7-4668-BE54-9A1E7A4F7556}") = "Worker2", "Worker2\Worker2.csproj", "{E0F36B98-CCB1-4917-B2AF-D4DC15565E27}"
EndProject
Project("{2150E333-8FDC-42A3-9474-1A3956D46DE8}") = "PublishWithSubscribe", "PublishWithSubscribe", "{2302B03F-0DE3-4001-97C5-C768708CC524}"
EndProject
Project("{2150E333-8FDC-42A3-9474-1A3956D46DE8}") = "Fanout", "Fanout", "{D4699E25-799F-4AE0-9E91-BF103191DC07}"
EndProject
Project("{9A19103F-16F7-4668-BE54-9A1E7A4F7556}") = "EmitLog", "EmitLog\EmitLog.csproj", "{FB7F9280-6C74-4618-ABC8-3A644FA6655D}"
EndProject
Project("{9A19103F-16F7-4668-BE54-9A1E7A4F7556}") = "ReceiveLogs", "ReceiveLogs\ReceiveLogs.csproj", "{A8186DA6-3BC7-4D12-861F-AE89CF531BA5}"
EndProject
Project("{9A19103F-16F7-4668-BE54-9A1E7A4F7556}") = "ReceiveLogs2", "ReceiveLogs2\ReceiveLogs2.csproj", "{47A84BCA-C64A-43AD-B054-A08B22EB83B3}"
EndProject
Project("{2150E333-8FDC-42A3-9474-1A3956D46DE8}") = "Routing", "Routing", "{35769C36-5213-4948-9107-33EF6245F01D}"
EndProject
Project("{9A19103F-16F7-4668-BE54-9A1E7A4F7556}") = "EmitLogDirect", "EmitLogDirect\EmitLogDirect.csproj", "{C87CD732-C0A0-4D4C-8E19-3B1263066E1B}"
EndProject
Project("{9A19103F-16F7-4668-BE54-9A1E7A4F7556}") = "ReceiveLogsDirect", "ReceiveLogsDirect\ReceiveLogsDirect.csproj", "{0B682928-FFD9-48DE-AFA2-7C953E9397CA}"
EndProject
Project("{2150E333-8FDC-42A3-9474-1A3956D46DE8}") = "Topic", "Topic", "{BCF5EFB8-7488-43BC-8916-BE372C697124}"
EndProject
Project("{FAE04EC0-301F-11D3-BF4B-00C04F79EFBC}") = "EmitLogTopic", "EmitLogTopic\EmitLogTopic.csproj", "{DAB8941C-D188-4E7F-9E93-2941468F5ECB}"
EndProject
Project("{FAE04EC0-301F-11D3-BF4B-00C04F79EFBC}") = "ReceiveLogsTopic", "ReceiveLogsTopic\ReceiveLogsTopic.csproj", "{FC770B01-6E8F-4722-A93C-6D45C303FC26}"
EndProject
Global
	GlobalSection(SolutionConfigurationPlatforms) = preSolution
		Debug|Any CPU = Debug|Any CPU
		Release|Any CPU = Release|Any CPU
	EndGlobalSection
	GlobalSection(ProjectConfigurationPlatforms) = postSolution
		{6AC5EBAC-8A13-4EBF-A30A-EA7649426CBA}.Debug|Any CPU.ActiveCfg = Debug|Any CPU
		{6AC5EBAC-8A13-4EBF-A30A-EA7649426CBA}.Debug|Any CPU.Build.0 = Debug|Any CPU
		{6AC5EBAC-8A13-4EBF-A30A-EA7649426CBA}.Release|Any CPU.ActiveCfg = Release|Any CPU
		{6AC5EBAC-8A13-4EBF-A30A-EA7649426CBA}.Release|Any CPU.Build.0 = Release|Any CPU
		{4DB3AE6D-1F41-43B6-A90F-4E08698473B3}.Debug|Any CPU.ActiveCfg = Debug|Any CPU
		{4DB3AE6D-1F41-43B6-A90F-4E08698473B3}.Debug|Any CPU.Build.0 = Debug|Any CPU
		{4DB3AE6D-1F41-43B6-A90F-4E08698473B3}.Release|Any CPU.ActiveCfg = Release|Any CPU
		{4DB3AE6D-1F41-43B6-A90F-4E08698473B3}.Release|Any CPU.Build.0 = Release|Any CPU
		{B822A464-8118-43F5-9B25-332432E000C9}.Debug|Any CPU.ActiveCfg = Debug|Any CPU
		{B822A464-8118-43F5-9B25-332432E000C9}.Debug|Any CPU.Build.0 = Debug|Any CPU
		{B822A464-8118-43F5-9B25-332432E000C9}.Release|Any CPU.ActiveCfg = Release|Any CPU
		{B822A464-8118-43F5-9B25-332432E000C9}.Release|Any CPU.Build.0 = Release|Any CPU
		{E40C90E7-4DF7-4289-85D0-8D2920128CF3}.Debug|Any CPU.ActiveCfg = Debug|Any CPU
		{E40C90E7-4DF7-4289-85D0-8D2920128CF3}.Debug|Any CPU.Build.0 = Debug|Any CPU
		{E40C90E7-4DF7-4289-85D0-8D2920128CF3}.Release|Any CPU.ActiveCfg = Release|Any CPU
		{E40C90E7-4DF7-4289-85D0-8D2920128CF3}.Release|Any CPU.Build.0 = Release|Any CPU
		{43538BCE-6051-49FE-8BC1-D392A2B83A30}.Debug|Any CPU.ActiveCfg = Debug|Any CPU
		{43538BCE-6051-49FE-8BC1-D392A2B83A30}.Debug|Any CPU.Build.0 = Debug|Any CPU
		{43538BCE-6051-49FE-8BC1-D392A2B83A30}.Release|Any CPU.ActiveCfg = Release|Any CPU
		{43538BCE-6051-49FE-8BC1-D392A2B83A30}.Release|Any CPU.Build.0 = Release|Any CPU
		{E0F36B98-CCB1-4917-B2AF-D4DC15565E27}.Debug|Any CPU.ActiveCfg = Debug|Any CPU
		{E0F36B98-CCB1-4917-B2AF-D4DC15565E27}.Debug|Any CPU.Build.0 = Debug|Any CPU
		{E0F36B98-CCB1-4917-B2AF-D4DC15565E27}.Release|Any CPU.ActiveCfg = Release|Any CPU
		{E0F36B98-CCB1-4917-B2AF-D4DC15565E27}.Release|Any CPU.Build.0 = Release|Any CPU
		{FB7F9280-6C74-4618-ABC8-3A644FA6655D}.Debug|Any CPU.ActiveCfg = Debug|Any CPU
		{FB7F9280-6C74-4618-ABC8-3A644FA6655D}.Debug|Any CPU.Build.0 = Debug|Any CPU
		{FB7F9280-6C74-4618-ABC8-3A644FA6655D}.Release|Any CPU.ActiveCfg = Release|Any CPU
		{FB7F9280-6C74-4618-ABC8-3A644FA6655D}.Release|Any CPU.Build.0 = Release|Any CPU
		{A8186DA6-3BC7-4D12-861F-AE89CF531BA5}.Debug|Any CPU.ActiveCfg = Debug|Any CPU
		{A8186DA6-3BC7-4D12-861F-AE89CF531BA5}.Debug|Any CPU.Build.0 = Debug|Any CPU
		{A8186DA6-3BC7-4D12-861F-AE89CF531BA5}.Release|Any CPU.ActiveCfg = Release|Any CPU
		{A8186DA6-3BC7-4D12-861F-AE89CF531BA5}.Release|Any CPU.Build.0 = Release|Any CPU
		{47A84BCA-C64A-43AD-B054-A08B22EB83B3}.Debug|Any CPU.ActiveCfg = Debug|Any CPU
		{47A84BCA-C64A-43AD-B054-A08B22EB83B3}.Debug|Any CPU.Build.0 = Debug|Any CPU
		{47A84BCA-C64A-43AD-B054-A08B22EB83B3}.Release|Any CPU.ActiveCfg = Release|Any CPU
		{47A84BCA-C64A-43AD-B054-A08B22EB83B3}.Release|Any CPU.Build.0 = Release|Any CPU
		{C87CD732-C0A0-4D4C-8E19-3B1263066E1B}.Debug|Any CPU.ActiveCfg = Debug|Any CPU
		{C87CD732-C0A0-4D4C-8E19-3B1263066E1B}.Debug|Any CPU.Build.0 = Debug|Any CPU
		{C87CD732-C0A0-4D4C-8E19-3B1263066E1B}.Release|Any CPU.ActiveCfg = Release|Any CPU
		{C87CD732-C0A0-4D4C-8E19-3B1263066E1B}.Release|Any CPU.Build.0 = Release|Any CPU
		{0B682928-FFD9-48DE-AFA2-7C953E9397CA}.Debug|Any CPU.ActiveCfg = Debug|Any CPU
		{0B682928-FFD9-48DE-AFA2-7C953E9397CA}.Debug|Any CPU.Build.0 = Debug|Any CPU
		{0B682928-FFD9-48DE-AFA2-7C953E9397CA}.Release|Any CPU.ActiveCfg = Release|Any CPU
		{0B682928-FFD9-48DE-AFA2-7C953E9397CA}.Release|Any CPU.Build.0 = Release|Any CPU
		{DAB8941C-D188-4E7F-9E93-2941468F5ECB}.Debug|Any CPU.ActiveCfg = Debug|Any CPU
		{DAB8941C-D188-4E7F-9E93-2941468F5ECB}.Debug|Any CPU.Build.0 = Debug|Any CPU
		{DAB8941C-D188-4E7F-9E93-2941468F5ECB}.Release|Any CPU.ActiveCfg = Release|Any CPU
		{DAB8941C-D188-4E7F-9E93-2941468F5ECB}.Release|Any CPU.Build.0 = Release|Any CPU
		{FC770B01-6E8F-4722-A93C-6D45C303FC26}.Debug|Any CPU.ActiveCfg = Debug|Any CPU
		{FC770B01-6E8F-4722-A93C-6D45C303FC26}.Debug|Any CPU.Build.0 = Debug|Any CPU
		{FC770B01-6E8F-4722-A93C-6D45C303FC26}.Release|Any CPU.ActiveCfg = Release|Any CPU
		{FC770B01-6E8F-4722-A93C-6D45C303FC26}.Release|Any CPU.Build.0 = Release|Any CPU
	EndGlobalSection
	GlobalSection(SolutionProperties) = preSolution
		HideSolutionNode = FALSE
	EndGlobalSection
	GlobalSection(NestedProjects) = preSolution
		{6AC5EBAC-8A13-4EBF-A30A-EA7649426CBA} = {46B5F033-17EF-4673-9EC0-5CE37996FE43}
		{4DB3AE6D-1F41-43B6-A90F-4E08698473B3} = {46B5F033-17EF-4673-9EC0-5CE37996FE43}
		{B822A464-8118-43F5-9B25-332432E000C9} = {A7F55C73-8651-48C1-8542-99761C81865D}
		{E40C90E7-4DF7-4289-85D0-8D2920128CF3} = {A7F55C73-8651-48C1-8542-99761C81865D}
		{E0F36B98-CCB1-4917-B2AF-D4DC15565E27} = {A7F55C73-8651-48C1-8542-99761C81865D}
		{D4699E25-799F-4AE0-9E91-BF103191DC07} = {2302B03F-0DE3-4001-97C5-C768708CC524}
		{FB7F9280-6C74-4618-ABC8-3A644FA6655D} = {D4699E25-799F-4AE0-9E91-BF103191DC07}
		{A8186DA6-3BC7-4D12-861F-AE89CF531BA5} = {D4699E25-799F-4AE0-9E91-BF103191DC07}
		{47A84BCA-C64A-43AD-B054-A08B22EB83B3} = {D4699E25-799F-4AE0-9E91-BF103191DC07}
		{35769C36-5213-4948-9107-33EF6245F01D} = {2302B03F-0DE3-4001-97C5-C768708CC524}
		{C87CD732-C0A0-4D4C-8E19-3B1263066E1B} = {35769C36-5213-4948-9107-33EF6245F01D}
		{0B682928-FFD9-48DE-AFA2-7C953E9397CA} = {35769C36-5213-4948-9107-33EF6245F01D}
		{BCF5EFB8-7488-43BC-8916-BE372C697124} = {2302B03F-0DE3-4001-97C5-C768708CC524}
		{DAB8941C-D188-4E7F-9E93-2941468F5ECB} = {BCF5EFB8-7488-43BC-8916-BE372C697124}
		{FC770B01-6E8F-4722-A93C-6D45C303FC26} = {BCF5EFB8-7488-43BC-8916-BE372C697124}
	EndGlobalSection
	GlobalSection(ExtensibilityGlobals) = postSolution
		SolutionGuid = {077BCCAE-9E6B-41C0-9E84-622C0E4D1874}
	EndGlobalSection
EndGlobal
